
Microsoft Visual Studio Solution File, Format Version 12.00
# Visual Studio Version 17
VisualStudioVersion = 17.7.34024.191
MinimumVisualStudioVersion = 10.0.40219.1
Project("{FAE04EC0-301F-11D3-BF4B-00C04F79EFBC}") = "dotnet-app", "dotnet-app.csproj", "{5ED78347-90F7-4635-B0AE-A7B1B3ED3625}"
EndProject
Global
	GlobalSection(SolutionConfigurationPlatforms) = preSolution
		Debug|Any CPU = Debug|Any CPU
		Release|Any CPU = Release|Any CPU
	EndGlobalSection
	GlobalSection(ProjectConfigurationPlatforms) = postSolution
		{5ED78347-90F7-4635-B0AE-A7B1B3ED3625}.Debug|Any CPU.ActiveCfg = Debug|Any CPU
		{5ED78347-90F7-4635-B0AE-A7B1B3ED3625}.Debug|Any CPU.Build.0 = Debug|Any CPU
		{5ED78347-90F7-4635-B0AE-A7B1B3ED3625}.Release|Any CPU.ActiveCfg = Release|Any CPU
		{5ED78347-90F7-4635-B0AE-A7B1B3ED3625}.Release|Any CPU.Build.0 = Release|Any CPU
	EndGlobalSection
	GlobalSection(SolutionProperties) = preSolution
		HideSolutionNode = FALSE
	EndGlobalSection
	GlobalSection(ExtensibilityGlobals) = postSolution
		SolutionGuid = {AF8D1C98-A70F-4BD2-9D00-CC536B2FD8AD}
	EndGlobalSection
EndGlobal
